
Microsoft Visual Studio Solution File, Format Version 12.00
# Visual Studio Version 17
VisualStudioVersion = 17.0.31903.59
MinimumVisualStudioVersion = 10.0.40219.1
Project("{2150E333-8FDC-42A3-9474-1A3956D46DE8}") = "src", "src", "{CCF40018-C59C-42F2-AAFD-1722C5E822F9}"
EndProject
Project("{E53339B2-1760-4266-BCC7-CA923CBCF16C}") = "docker-compose", "docker-compose.dcproj", "{7194C757-6A01-410B-A8C1-BE994D003970}"
EndProject
Project("{FAE04EC0-301F-11D3-BF4B-00C04F79EFBC}") = "Ency.Server", "src\Ency.Server\Ency.Server.csproj", "{9A94E885-A46D-47E2-918C-E6C6CD79FD48}"
EndProject
Project("{FAE04EC0-301F-11D3-BF4B-00C04F79EFBC}") = "Ency.UIComponents", "src\Ency.UIComponents\Ency.UIComponents.csproj", "{B8CEAA4D-95EF-4B79-AC96-B2AAB856F1BB}"
EndProject
Global
	GlobalSection(SolutionConfigurationPlatforms) = preSolution
		Debug|Any CPU = Debug|Any CPU
		Release|Any CPU = Release|Any CPU
	EndGlobalSection
	GlobalSection(ProjectConfigurationPlatforms) = postSolution
		{7194C757-6A01-410B-A8C1-BE994D003970}.Debug|Any CPU.ActiveCfg = Debug|Any CPU
		{7194C757-6A01-410B-A8C1-BE994D003970}.Debug|Any CPU.Build.0 = Debug|Any CPU
		{7194C757-6A01-410B-A8C1-BE994D003970}.Release|Any CPU.ActiveCfg = Release|Any CPU
		{7194C757-6A01-410B-A8C1-BE994D003970}.Release|Any CPU.Build.0 = Release|Any CPU
		{9A94E885-A46D-47E2-918C-E6C6CD79FD48}.Debug|Any CPU.ActiveCfg = Debug|Any CPU
		{9A94E885-A46D-47E2-918C-E6C6CD79FD48}.Debug|Any CPU.Build.0 = Debug|Any CPU
		{9A94E885-A46D-47E2-918C-E6C6CD79FD48}.Release|Any CPU.ActiveCfg = Release|Any CPU
		{9A94E885-A46D-47E2-918C-E6C6CD79FD48}.Release|Any CPU.Build.0 = Release|Any CPU
		{B8CEAA4D-95EF-4B79-AC96-B2AAB856F1BB}.Debug|Any CPU.ActiveCfg = Debug|Any CPU
		{B8CEAA4D-95EF-4B79-AC96-B2AAB856F1BB}.Debug|Any CPU.Build.0 = Debug|Any CPU
		{B8CEAA4D-95EF-4B79-AC96-B2AAB856F1BB}.Release|Any CPU.ActiveCfg = Release|Any CPU
		{B8CEAA4D-95EF-4B79-AC96-B2AAB856F1BB}.Release|Any CPU.Build.0 = Release|Any CPU
	EndGlobalSection
	GlobalSection(SolutionProperties) = preSolution
		HideSolutionNode = FALSE
	EndGlobalSection
	GlobalSection(NestedProjects) = preSolution
		{9A94E885-A46D-47E2-918C-E6C6CD79FD48} = {CCF40018-C59C-42F2-AAFD-1722C5E822F9}
		{B8CEAA4D-95EF-4B79-AC96-B2AAB856F1BB} = {CCF40018-C59C-42F2-AAFD-1722C5E822F9}
	EndGlobalSection
	GlobalSection(ExtensibilityGlobals) = postSolution
		SolutionGuid = {05AFF1E6-F07C-48CA-8CE3-02DF03EAB0FB}
	EndGlobalSection
EndGlobal
